
Microsoft Visual Studio Solution File, Format Version 12.00
# Visual Studio Version 17
VisualStudioVersion = 17.4.33110.190
MinimumVisualStudioVersion = 10.0.40219.1
Project("{9A19103F-16F7-4668-BE54-9A1E7A4F7556}") = "cSharpScribbles", "cSharpScribbles.csproj", "{634D3CD2-0DCD-45ED-A571-BBDFD4B87C75}"
EndProject
Project("{9A19103F-16F7-4668-BE54-9A1E7A4F7556}") = "Scribble_Tictactoe", "..\Scribble_Tictactoe\Scribble_Tictactoe.csproj", "{601438B8-B2D6-4740-A9B4-D39AA305DCD6}"
EndProject
Project("{9A19103F-16F7-4668-BE54-9A1E7A4F7556}") = "Constructor", "..\Constructor\Constructor.csproj", "{063FC93F-853D-420E-949E-E7BEC200AEDD}"
EndProject
Project("{9A19103F-16F7-4668-BE54-9A1E7A4F7556}") = "Cconfusions 1", "..\Cconfusions 1\Cconfusions 1.csproj", "{C88C672B-858A-45BE-A862-0BAE32E87EDB}"
EndProject
Project("{9A19103F-16F7-4668-BE54-9A1E7A4F7556}") = "designPatter Behavioral", "..\designPatter Behavioral\designPatter Behavioral.csproj", "{DE7F3FB0-97DA-4D8A-836A-1A1150A65FE7}"
EndProject
Project("{9A19103F-16F7-4668-BE54-9A1E7A4F7556}") = "01 interface Robot", "..\01 interface Robot\01 interface Robot.csproj", "{34B1D6E1-6C0F-40DA-947A-11CAD6AE6F56}"
EndProject
Project("{9A19103F-16F7-4668-BE54-9A1E7A4F7556}") = "Inheritence Backpack", "..\Inheritence Backpack\Inheritence Backpack.csproj", "{A383F3A2-50AB-494F-BB8F-40B7B3FDC09A}"
EndProject
Project("{9A19103F-16F7-4668-BE54-9A1E7A4F7556}") = "stringOverride", "..\stringOverride\stringOverride.csproj", "{71BEACE7-15E2-49C9-BEAE-614DAC461719}"
EndProject
Project("{FAE04EC0-301F-11D3-BF4B-00C04F79EFBC}") = "MasterMind", "..\MasterMind\MasterMind.csproj", "{5FC21099-87CB-488C-B783-466A0EC49391}"
EndProject
Global
	GlobalSection(SolutionConfigurationPlatforms) = preSolution
		Debug|Any CPU = Debug|Any CPU
		Release|Any CPU = Release|Any CPU
	EndGlobalSection
	GlobalSection(ProjectConfigurationPlatforms) = postSolution
		{634D3CD2-0DCD-45ED-A571-BBDFD4B87C75}.Debug|Any CPU.ActiveCfg = Debug|Any CPU
		{634D3CD2-0DCD-45ED-A571-BBDFD4B87C75}.Debug|Any CPU.Build.0 = Debug|Any CPU
		{634D3CD2-0DCD-45ED-A571-BBDFD4B87C75}.Release|Any CPU.ActiveCfg = Release|Any CPU
		{634D3CD2-0DCD-45ED-A571-BBDFD4B87C75}.Release|Any CPU.Build.0 = Release|Any CPU
		{601438B8-B2D6-4740-A9B4-D39AA305DCD6}.Debug|Any CPU.ActiveCfg = Debug|Any CPU
		{601438B8-B2D6-4740-A9B4-D39AA305DCD6}.Debug|Any CPU.Build.0 = Debug|Any CPU
		{601438B8-B2D6-4740-A9B4-D39AA305DCD6}.Release|Any CPU.ActiveCfg = Release|Any CPU
		{601438B8-B2D6-4740-A9B4-D39AA305DCD6}.Release|Any CPU.Build.0 = Release|Any CPU
		{063FC93F-853D-420E-949E-E7BEC200AEDD}.Debug|Any CPU.ActiveCfg = Debug|Any CPU
		{063FC93F-853D-420E-949E-E7BEC200AEDD}.Debug|Any CPU.Build.0 = Debug|Any CPU
		{063FC93F-853D-420E-949E-E7BEC200AEDD}.Release|Any CPU.ActiveCfg = Release|Any CPU
		{063FC93F-853D-420E-949E-E7BEC200AEDD}.Release|Any CPU.Build.0 = Release|Any CPU
		{C88C672B-858A-45BE-A862-0BAE32E87EDB}.Debug|Any CPU.ActiveCfg = Debug|Any CPU
		{C88C672B-858A-45BE-A862-0BAE32E87EDB}.Debug|Any CPU.Build.0 = Debug|Any CPU
		{C88C672B-858A-45BE-A862-0BAE32E87EDB}.Release|Any CPU.ActiveCfg = Release|Any CPU
		{C88C672B-858A-45BE-A862-0BAE32E87EDB}.Release|Any CPU.Build.0 = Release|Any CPU
		{DE7F3FB0-97DA-4D8A-836A-1A1150A65FE7}.Debug|Any CPU.ActiveCfg = Debug|Any CPU
		{DE7F3FB0-97DA-4D8A-836A-1A1150A65FE7}.Debug|Any CPU.Build.0 = Debug|Any CPU
		{DE7F3FB0-97DA-4D8A-836A-1A1150A65FE7}.Release|Any CPU.ActiveCfg = Release|Any CPU
		{DE7F3FB0-97DA-4D8A-836A-1A1150A65FE7}.Release|Any CPU.Build.0 = Release|Any CPU
		{34B1D6E1-6C0F-40DA-947A-11CAD6AE6F56}.Debug|Any CPU.ActiveCfg = Debug|Any CPU
		{34B1D6E1-6C0F-40DA-947A-11CAD6AE6F56}.Debug|Any CPU.Build.0 = Debug|Any CPU
		{34B1D6E1-6C0F-40DA-947A-11CAD6AE6F56}.Release|Any CPU.ActiveCfg = Release|Any CPU
		{34B1D6E1-6C0F-40DA-947A-11CAD6AE6F56}.Release|Any CPU.Build.0 = Release|Any CPU
		{A383F3A2-50AB-494F-BB8F-40B7B3FDC09A}.Debug|Any CPU.ActiveCfg = Debug|Any CPU
		{A383F3A2-50AB-494F-BB8F-40B7B3FDC09A}.Debug|Any CPU.Build.0 = Debug|Any CPU
		{A383F3A2-50AB-494F-BB8F-40B7B3FDC09A}.Release|Any CPU.ActiveCfg = Release|Any CPU
		{A383F3A2-50AB-494F-BB8F-40B7B3FDC09A}.Release|Any CPU.Build.0 = Release|Any CPU
		{71BEACE7-15E2-49C9-BEAE-614DAC461719}.Debug|Any CPU.ActiveCfg = Debug|Any CPU
		{71BEACE7-15E2-49C9-BEAE-614DAC461719}.Debug|Any CPU.Build.0 = Debug|Any CPU
		{71BEACE7-15E2-49C9-BEAE-614DAC461719}.Release|Any CPU.ActiveCfg = Release|Any CPU
		{71BEACE7-15E2-49C9-BEAE-614DAC461719}.Release|Any CPU.Build.0 = Release|Any CPU
		{5FC21099-87CB-488C-B783-466A0EC49391}.Debug|Any CPU.ActiveCfg = Debug|Any CPU
		{5FC21099-87CB-488C-B783-466A0EC49391}.Debug|Any CPU.Build.0 = Debug|Any CPU
		{5FC21099-87CB-488C-B783-466A0EC49391}.Release|Any CPU.ActiveCfg = Release|Any CPU
		{5FC21099-87CB-488C-B783-466A0EC49391}.Release|Any CPU.Build.0 = Release|Any CPU
	EndGlobalSection
	GlobalSection(SolutionProperties) = preSolution
		HideSolutionNode = FALSE
	EndGlobalSection
	GlobalSection(ExtensibilityGlobals) = postSolution
		SolutionGuid = {2CE41942-E570-4D70-9169-EFC631C0799F}
	EndGlobalSection
EndGlobal
